// !$*UTF8*$!
{
	archiveVersion = 1;
	classes = {
	};
	objectVersion = 50;
	objects = {

/* Begin PBXBuildFile section */
		D34263F6267CDBC600D743E7 /* DubDubGrubApp.swift in Sources */ = {isa = PBXBuildFile; fileRef = D34263F5267CDBC600D743E7 /* DubDubGrubApp.swift */; };
		D34263FA267CDBC600D743E7 /* Assets.xcassets in Resources */ = {isa = PBXBuildFile; fileRef = D34263F9267CDBC600D743E7 /* Assets.xcassets */; };
		D34263FD267CDBC600D743E7 /* Preview Assets.xcassets in Resources */ = {isa = PBXBuildFile; fileRef = D34263FC267CDBC600D743E7 /* Preview Assets.xcassets */; };
		D3B5DB4B267CDDCA0074A84D /* CloudKit.framework in Frameworks */ = {isa = PBXBuildFile; fileRef = D3B5DB4A267CDDCA0074A84D /* CloudKit.framework */; };
		D3B5DB4D267CE1240074A84D /* Color+Ext.swift in Sources */ = {isa = PBXBuildFile; fileRef = D3B5DB4C267CE1240074A84D /* Color+Ext.swift */; };
		D3B5DB4F267CE1850074A84D /* AppTabView.swift in Sources */ = {isa = PBXBuildFile; fileRef = D3B5DB4E267CE1850074A84D /* AppTabView.swift */; };
		D3B5DB51267CE1C00074A84D /* LocationMapView.swift in Sources */ = {isa = PBXBuildFile; fileRef = D3B5DB50267CE1C00074A84D /* LocationMapView.swift */; };
		D3B5DB53267CE1EB0074A84D /* LocationListView.swift in Sources */ = {isa = PBXBuildFile; fileRef = D3B5DB52267CE1EB0074A84D /* LocationListView.swift */; };
		D3B5DB55267CE1FD0074A84D /* ProfileView.swift in Sources */ = {isa = PBXBuildFile; fileRef = D3B5DB54267CE1FD0074A84D /* ProfileView.swift */; };
		D3B5DB722682338F0074A84D /* LocationDetailView.swift in Sources */ = {isa = PBXBuildFile; fileRef = D3B5DB712682338F0074A84D /* LocationDetailView.swift */; };
		D3B9B295277F7ADE008FECFB /* LocationCell.swift in Sources */ = {isa = PBXBuildFile; fileRef = D3B9B294277F7ADE008FECFB /* LocationCell.swift */; };
		D3B9B297277F7B58008FECFB /* AvatarView.swift in Sources */ = {isa = PBXBuildFile; fileRef = D3B9B296277F7B58008FECFB /* AvatarView.swift */; };
		D3B9B299277F7E1C008FECFB /* CustomModifiers.swift in Sources */ = {isa = PBXBuildFile; fileRef = D3B9B298277F7E1C008FECFB /* CustomModifiers.swift */; };
		D3B9B29B277F7E5F008FECFB /* View+Ext.swift in Sources */ = {isa = PBXBuildFile; fileRef = D3B9B29A277F7E5F008FECFB /* View+Ext.swift */; };
		D3B9B29D277F811F008FECFB /* DDGButton.swift in Sources */ = {isa = PBXBuildFile; fileRef = D3B9B29C277F811F008FECFB /* DDGButton.swift */; };
		D3E28D1229A5708000FF8952 /* DDGLocation.swift in Sources */ = {isa = PBXBuildFile; fileRef = D3E28D1129A5708000FF8952 /* DDGLocation.swift */; };
		D3E28D1429A5741900FF8952 /* DDGProfile.swift in Sources */ = {isa = PBXBuildFile; fileRef = D3E28D1329A5741900FF8952 /* DDGProfile.swift */; };
		D3E28D1629A575C400FF8952 /* MockData.swift in Sources */ = {isa = PBXBuildFile; fileRef = D3E28D1529A575C400FF8952 /* MockData.swift */; };
		D3E28D1929A69F0500FF8952 /* CloudKitManager.swift in Sources */ = {isa = PBXBuildFile; fileRef = D3E28D1829A69F0500FF8952 /* CloudKitManager.swift */; };
		D3E28D1B29A69FF700FF8952 /* Constants.swift in Sources */ = {isa = PBXBuildFile; fileRef = D3E28D1A29A69FF700FF8952 /* Constants.swift */; };
		D3E28D1D29A6A47800FF8952 /* CKRecord+Ext.swift in Sources */ = {isa = PBXBuildFile; fileRef = D3E28D1C29A6A47800FF8952 /* CKRecord+Ext.swift */; };
		D3E28D1F29A6A7FD00FF8952 /* AlertItem.swift in Sources */ = {isa = PBXBuildFile; fileRef = D3E28D1E29A6A7FD00FF8952 /* AlertItem.swift */; };
/* End PBXBuildFile section */

/* Begin PBXFileReference section */
		D34263F2267CDBC600D743E7 /* DubDubGrub.app */ = {isa = PBXFileReference; explicitFileType = wrapper.application; includeInIndex = 0; path = DubDubGrub.app; sourceTree = BUILT_PRODUCTS_DIR; };
		D34263F5267CDBC600D743E7 /* DubDubGrubApp.swift */ = {isa = PBXFileReference; lastKnownFileType = sourcecode.swift; path = DubDubGrubApp.swift; sourceTree = "<group>"; };
		D34263F9267CDBC600D743E7 /* Assets.xcassets */ = {isa = PBXFileReference; lastKnownFileType = folder.assetcatalog; path = Assets.xcassets; sourceTree = "<group>"; };
		D34263FC267CDBC600D743E7 /* Preview Assets.xcassets */ = {isa = PBXFileReference; lastKnownFileType = folder.assetcatalog; path = "Preview Assets.xcassets"; sourceTree = "<group>"; };
		D34263FE267CDBC600D743E7 /* Info.plist */ = {isa = PBXFileReference; lastKnownFileType = text.plist.xml; path = Info.plist; sourceTree = "<group>"; };
		D3B5DB48267CDDA90074A84D /* DubDubGrub.entitlements */ = {isa = PBXFileReference; lastKnownFileType = text.plist.entitlements; path = DubDubGrub.entitlements; sourceTree = "<group>"; };
		D3B5DB4A267CDDCA0074A84D /* CloudKit.framework */ = {isa = PBXFileReference; lastKnownFileType = wrapper.framework; name = CloudKit.framework; path = System/Library/Frameworks/CloudKit.framework; sourceTree = SDKROOT; };
		D3B5DB4C267CE1240074A84D /* Color+Ext.swift */ = {isa = PBXFileReference; lastKnownFileType = sourcecode.swift; path = "Color+Ext.swift"; sourceTree = "<group>"; };
		D3B5DB4E267CE1850074A84D /* AppTabView.swift */ = {isa = PBXFileReference; lastKnownFileType = sourcecode.swift; path = AppTabView.swift; sourceTree = "<group>"; };
		D3B5DB50267CE1C00074A84D /* LocationMapView.swift */ = {isa = PBXFileReference; lastKnownFileType = sourcecode.swift; path = LocationMapView.swift; sourceTree = "<group>"; };
		D3B5DB52267CE1EB0074A84D /* LocationListView.swift */ = {isa = PBXFileReference; lastKnownFileType = sourcecode.swift; path = LocationListView.swift; sourceTree = "<group>"; };
		D3B5DB54267CE1FD0074A84D /* ProfileView.swift */ = {isa = PBXFileReference; lastKnownFileType = sourcecode.swift; path = ProfileView.swift; sourceTree = "<group>"; };
		D3B5DB712682338F0074A84D /* LocationDetailView.swift */ = {isa = PBXFileReference; lastKnownFileType = sourcecode.swift; path = LocationDetailView.swift; sourceTree = "<group>"; };
		D3B9B294277F7ADE008FECFB /* LocationCell.swift */ = {isa = PBXFileReference; lastKnownFileType = sourcecode.swift; path = LocationCell.swift; sourceTree = "<group>"; };
		D3B9B296277F7B58008FECFB /* AvatarView.swift */ = {isa = PBXFileReference; lastKnownFileType = sourcecode.swift; path = AvatarView.swift; sourceTree = "<group>"; };
		D3B9B298277F7E1C008FECFB /* CustomModifiers.swift */ = {isa = PBXFileReference; lastKnownFileType = sourcecode.swift; path = CustomModifiers.swift; sourceTree = "<group>"; };
		D3B9B29A277F7E5F008FECFB /* View+Ext.swift */ = {isa = PBXFileReference; lastKnownFileType = sourcecode.swift; path = "View+Ext.swift"; sourceTree = "<group>"; };
		D3B9B29C277F811F008FECFB /* DDGButton.swift */ = {isa = PBXFileReference; lastKnownFileType = sourcecode.swift; path = DDGButton.swift; sourceTree = "<group>"; };
		D3E28D1129A5708000FF8952 /* DDGLocation.swift */ = {isa = PBXFileReference; lastKnownFileType = sourcecode.swift; path = DDGLocation.swift; sourceTree = "<group>"; };
		D3E28D1329A5741900FF8952 /* DDGProfile.swift */ = {isa = PBXFileReference; lastKnownFileType = sourcecode.swift; path = DDGProfile.swift; sourceTree = "<group>"; };
		D3E28D1529A575C400FF8952 /* MockData.swift */ = {isa = PBXFileReference; lastKnownFileType = sourcecode.swift; path = MockData.swift; sourceTree = "<group>"; };
		D3E28D1829A69F0500FF8952 /* CloudKitManager.swift */ = {isa = PBXFileReference; lastKnownFileType = sourcecode.swift; path = CloudKitManager.swift; sourceTree = "<group>"; };
		D3E28D1A29A69FF700FF8952 /* Constants.swift */ = {isa = PBXFileReference; lastKnownFileType = sourcecode.swift; path = Constants.swift; sourceTree = "<group>"; };
		D3E28D1C29A6A47800FF8952 /* CKRecord+Ext.swift */ = {isa = PBXFileReference; lastKnownFileType = sourcecode.swift; path = "CKRecord+Ext.swift"; sourceTree = "<group>"; };
		D3E28D1E29A6A7FD00FF8952 /* AlertItem.swift */ = {isa = PBXFileReference; lastKnownFileType = sourcecode.swift; path = AlertItem.swift; sourceTree = "<group>"; };
/* End PBXFileReference section */

/* Begin PBXFrameworksBuildPhase section */
		D34263EF267CDBC600D743E7 /* Frameworks */ = {
			isa = PBXFrameworksBuildPhase;
			buildActionMask = 2147483647;
			files = (
				D3B5DB4B267CDDCA0074A84D /* CloudKit.framework in Frameworks */,
			);
			runOnlyForDeploymentPostprocessing = 0;
		};
/* End PBXFrameworksBuildPhase section */

/* Begin PBXGroup section */
		D34263E9267CDBC500D743E7 = {
			isa = PBXGroup;
			children = (
				D34263F4267CDBC600D743E7 /* DubDubGrub */,
				D34263F3267CDBC600D743E7 /* Products */,
				D3B5DB49267CDDCA0074A84D /* Frameworks */,
			);
			sourceTree = "<group>";
		};
		D34263F3267CDBC600D743E7 /* Products */ = {
			isa = PBXGroup;
			children = (
				D34263F2267CDBC600D743E7 /* DubDubGrub.app */,
			);
			name = Products;
			sourceTree = "<group>";
		};
		D34263F4267CDBC600D743E7 /* DubDubGrub */ = {
			isa = PBXGroup;
			children = (
				D3E28D1729A69ECB00FF8952 /* Utilities */,
				D3E28D1029A5707400FF8952 /* Model */,
				D3B9B29F277F82A6008FECFB /* Views */,
				D3B5DB48267CDDA90074A84D /* DubDubGrub.entitlements */,
				D34263F5267CDBC600D743E7 /* DubDubGrubApp.swift */,
				D34263F9267CDBC600D743E7 /* Assets.xcassets */,
				D34263FE267CDBC600D743E7 /* Info.plist */,
				D34263FB267CDBC600D743E7 /* Preview Content */,
			);
			path = DubDubGrub;
			sourceTree = "<group>";
		};
		D34263FB267CDBC600D743E7 /* Preview Content */ = {
			isa = PBXGroup;
			children = (
				D34263FC267CDBC600D743E7 /* Preview Assets.xcassets */,
			);
			path = "Preview Content";
			sourceTree = "<group>";
		};
		D3B5DB49267CDDCA0074A84D /* Frameworks */ = {
			isa = PBXGroup;
			children = (
				D3B5DB4A267CDDCA0074A84D /* CloudKit.framework */,
			);
			name = Frameworks;
			sourceTree = "<group>";
		};
		D3B9B29E277F8291008FECFB /* Extensions */ = {
			isa = PBXGroup;
			children = (
				D3B5DB4C267CE1240074A84D /* Color+Ext.swift */,
				D3B9B29A277F7E5F008FECFB /* View+Ext.swift */,
				D3E28D1C29A6A47800FF8952 /* CKRecord+Ext.swift */,
			);
			path = Extensions;
			sourceTree = "<group>";
		};
		D3B9B29F277F82A6008FECFB /* Views */ = {
			isa = PBXGroup;
			children = (
				D3B9B298277F7E1C008FECFB /* CustomModifiers.swift */,
				D3B9B2A2277F8325008FECFB /* CustomViews */,
				D3B9B2A1277F8315008FECFB /* Cells */,
				D3B9B2A0277F82AF008FECFB /* Screens */,
			);
			path = Views;
			sourceTree = "<group>";
		};
		D3B9B2A0277F82AF008FECFB /* Screens */ = {
			isa = PBXGroup;
			children = (
				D3B5DB4E267CE1850074A84D /* AppTabView.swift */,
				D3B5DB50267CE1C00074A84D /* LocationMapView.swift */,
				D3B5DB52267CE1EB0074A84D /* LocationListView.swift */,
				D3B5DB712682338F0074A84D /* LocationDetailView.swift */,
				D3B5DB54267CE1FD0074A84D /* ProfileView.swift */,
			);
			path = Screens;
			sourceTree = "<group>";
		};
		D3B9B2A1277F8315008FECFB /* Cells */ = {
			isa = PBXGroup;
			children = (
				D3B9B294277F7ADE008FECFB /* LocationCell.swift */,
			);
			path = Cells;
			sourceTree = "<group>";
		};
		D3B9B2A2277F8325008FECFB /* CustomViews */ = {
			isa = PBXGroup;
			children = (
				D3B9B296277F7B58008FECFB /* AvatarView.swift */,
				D3B9B29C277F811F008FECFB /* DDGButton.swift */,
			);
			path = CustomViews;
			sourceTree = "<group>";
		};
		D3E28D1029A5707400FF8952 /* Model */ = {
			isa = PBXGroup;
			children = (
				D3E28D1129A5708000FF8952 /* DDGLocation.swift */,
				D3E28D1329A5741900FF8952 /* DDGProfile.swift */,
				D3E28D1529A575C400FF8952 /* MockData.swift */,
			);
			path = Model;
			sourceTree = "<group>";
		};
		D3E28D1729A69ECB00FF8952 /* Utilities */ = {
			isa = PBXGroup;
			children = (
				D3B9B29E277F8291008FECFB /* Extensions */,
				D3E28D1829A69F0500FF8952 /* CloudKitManager.swift */,
				D3E28D1A29A69FF700FF8952 /* Constants.swift */,
				D3E28D1E29A6A7FD00FF8952 /* AlertItem.swift */,
			);
			path = Utilities;
			sourceTree = "<group>";
		};
/* End PBXGroup section */

/* Begin PBXNativeTarget section */
		D34263F1267CDBC600D743E7 /* DubDubGrub */ = {
			isa = PBXNativeTarget;
			buildConfigurationList = D3426401267CDBC600D743E7 /* Build configuration list for PBXNativeTarget "DubDubGrub" */;
			buildPhases = (
				D34263EE267CDBC600D743E7 /* Sources */,
				D34263EF267CDBC600D743E7 /* Frameworks */,
				D34263F0267CDBC600D743E7 /* Resources */,
			);
			buildRules = (
			);
			dependencies = (
			);
			name = DubDubGrub;
			productName = DubDubGrub;
			productReference = D34263F2267CDBC600D743E7 /* DubDubGrub.app */;
			productType = "com.apple.product-type.application";
		};
/* End PBXNativeTarget section */

/* Begin PBXProject section */
		D34263EA267CDBC500D743E7 /* Project object */ = {
			isa = PBXProject;
			attributes = {
				LastSwiftUpdateCheck = 1250;
				LastUpgradeCheck = 1250;
				TargetAttributes = {
					D34263F1267CDBC600D743E7 = {
						CreatedOnToolsVersion = 12.5;
					};
				};
			};
			buildConfigurationList = D34263ED267CDBC500D743E7 /* Build configuration list for PBXProject "DubDubGrub" */;
			compatibilityVersion = "Xcode 9.3";
			developmentRegion = en;
			hasScannedForEncodings = 0;
			knownRegions = (
				en,
				Base,
			);
			mainGroup = D34263E9267CDBC500D743E7;
			productRefGroup = D34263F3267CDBC600D743E7 /* Products */;
			projectDirPath = "";
			projectRoot = "";
			targets = (
				D34263F1267CDBC600D743E7 /* DubDubGrub */,
			);
		};
/* End PBXProject section */

/* Begin PBXResourcesBuildPhase section */
		D34263F0267CDBC600D743E7 /* Resources */ = {
			isa = PBXResourcesBuildPhase;
			buildActionMask = 2147483647;
			files = (
				D34263FD267CDBC600D743E7 /* Preview Assets.xcassets in Resources */,
				D34263FA267CDBC600D743E7 /* Assets.xcassets in Resources */,
			);
			runOnlyForDeploymentPostprocessing = 0;
		};
/* End PBXResourcesBuildPhase section */

/* Begin PBXSourcesBuildPhase section */
		D34263EE267CDBC600D743E7 /* Sources */ = {
			isa = PBXSourcesBuildPhase;
			buildActionMask = 2147483647;
			files = (
				D34263F6267CDBC600D743E7 /* DubDubGrubApp.swift in Sources */,
				D3E28D1B29A69FF700FF8952 /* Constants.swift in Sources */,
				D3B9B299277F7E1C008FECFB /* CustomModifiers.swift in Sources */,
				D3B5DB51267CE1C00074A84D /* LocationMapView.swift in Sources */,
				D3B5DB53267CE1EB0074A84D /* LocationListView.swift in Sources */,
				D3E28D1629A575C400FF8952 /* MockData.swift in Sources */,
				D3B5DB722682338F0074A84D /* LocationDetailView.swift in Sources */,
				D3E28D1429A5741900FF8952 /* DDGProfile.swift in Sources */,
				D3E28D1229A5708000FF8952 /* DDGLocation.swift in Sources */,
				D3B5DB4F267CE1850074A84D /* AppTabView.swift in Sources */,
				D3B5DB55267CE1FD0074A84D /* ProfileView.swift in Sources */,
				D3E28D1929A69F0500FF8952 /* CloudKitManager.swift in Sources */,
				D3E28D1F29A6A7FD00FF8952 /* AlertItem.swift in Sources */,
				D3B9B29B277F7E5F008FECFB /* View+Ext.swift in Sources */,
				D3B9B295277F7ADE008FECFB /* LocationCell.swift in Sources */,
				D3E28D1D29A6A47800FF8952 /* CKRecord+Ext.swift in Sources */,
				D3B9B29D277F811F008FECFB /* DDGButton.swift in Sources */,
				D3B9B297277F7B58008FECFB /* AvatarView.swift in Sources */,
				D3B5DB4D267CE1240074A84D /* Color+Ext.swift in Sources */,
			);
			runOnlyForDeploymentPostprocessing = 0;
		};
/* End PBXSourcesBuildPhase section */

/* Begin XCBuildConfiguration section */
		D34263FF267CDBC600D743E7 /* Debug */ = {
			isa = XCBuildConfiguration;
			buildSettings = {
				ALWAYS_SEARCH_USER_PATHS = NO;
				CLANG_ANALYZER_NONNULL = YES;
				CLANG_ANALYZER_NUMBER_OBJECT_CONVERSION = YES_AGGRESSIVE;
				CLANG_CXX_LANGUAGE_STANDARD = "gnu++14";
				CLANG_CXX_LIBRARY = "libc++";
				CLANG_ENABLE_MODULES = YES;
				CLANG_ENABLE_OBJC_ARC = YES;
				CLANG_ENABLE_OBJC_WEAK = YES;
				CLANG_WARN_BLOCK_CAPTURE_AUTORELEASING = YES;
				CLANG_WARN_BOOL_CONVERSION = YES;
				CLANG_WARN_COMMA = YES;
				CLANG_WARN_CONSTANT_CONVERSION = YES;
				CLANG_WARN_DEPRECATED_OBJC_IMPLEMENTATIONS = YES;
				CLANG_WARN_DIRECT_OBJC_ISA_USAGE = YES_ERROR;
				CLANG_WARN_DOCUMENTATION_COMMENTS = YES;
				CLANG_WARN_EMPTY_BODY = YES;
				CLANG_WARN_ENUM_CONVERSION = YES;
				CLANG_WARN_INFINITE_RECURSION = YES;
				CLANG_WARN_INT_CONVERSION = YES;
				CLANG_WARN_NON_LITERAL_NULL_CONVERSION = YES;
				CLANG_WARN_OBJC_IMPLICIT_RETAIN_SELF = YES;
				CLANG_WARN_OBJC_LITERAL_CONVERSION = YES;
				CLANG_WARN_OBJC_ROOT_CLASS = YES_ERROR;
				CLANG_WARN_QUOTED_INCLUDE_IN_FRAMEWORK_HEADER = YES;
				CLANG_WARN_RANGE_LOOP_ANALYSIS = YES;
				CLANG_WARN_STRICT_PROTOTYPES = YES;
				CLANG_WARN_SUSPICIOUS_MOVE = YES;
				CLANG_WARN_UNGUARDED_AVAILABILITY = YES_AGGRESSIVE;
				CLANG_WARN_UNREACHABLE_CODE = YES;
				CLANG_WARN__DUPLICATE_METHOD_MATCH = YES;
				COPY_PHASE_STRIP = NO;
				DEBUG_INFORMATION_FORMAT = dwarf;
				ENABLE_STRICT_OBJC_MSGSEND = YES;
				ENABLE_TESTABILITY = YES;
				GCC_C_LANGUAGE_STANDARD = gnu11;
				GCC_DYNAMIC_NO_PIC = NO;
				GCC_NO_COMMON_BLOCKS = YES;
				GCC_OPTIMIZATION_LEVEL = 0;
				GCC_PREPROCESSOR_DEFINITIONS = (
					"DEBUG=1",
					"$(inherited)",
				);
				GCC_WARN_64_TO_32_BIT_CONVERSION = YES;
				GCC_WARN_ABOUT_RETURN_TYPE = YES_ERROR;
				GCC_WARN_UNDECLARED_SELECTOR = YES;
				GCC_WARN_UNINITIALIZED_AUTOS = YES_AGGRESSIVE;
				GCC_WARN_UNUSED_FUNCTION = YES;
				GCC_WARN_UNUSED_VARIABLE = YES;
				IPHONEOS_DEPLOYMENT_TARGET = 14.5;
				MTL_ENABLE_DEBUG_INFO = INCLUDE_SOURCE;
				MTL_FAST_MATH = YES;
				ONLY_ACTIVE_ARCH = YES;
				SDKROOT = iphoneos;
				SWIFT_ACTIVE_COMPILATION_CONDITIONS = DEBUG;
				SWIFT_OPTIMIZATION_LEVEL = "-Onone";
			};
			name = Debug;
		};
		D3426400267CDBC600D743E7 /* Release */ = {
			isa = XCBuildConfiguration;
			buildSettings = {
				ALWAYS_SEARCH_USER_PATHS = NO;
				CLANG_ANALYZER_NONNULL = YES;
				CLANG_ANALYZER_NUMBER_OBJECT_CONVERSION = YES_AGGRESSIVE;
				CLANG_CXX_LANGUAGE_STANDARD = "gnu++14";
				CLANG_CXX_LIBRARY = "libc++";
				CLANG_ENABLE_MODULES = YES;
				CLANG_ENABLE_OBJC_ARC = YES;
				CLANG_ENABLE_OBJC_WEAK = YES;
				CLANG_WARN_BLOCK_CAPTURE_AUTORELEASING = YES;
				CLANG_WARN_BOOL_CONVERSION = YES;
				CLANG_WARN_COMMA = YES;
				CLANG_WARN_CONSTANT_CONVERSION = YES;
				CLANG_WARN_DEPRECATED_OBJC_IMPLEMENTATIONS = YES;
				CLANG_WARN_DIRECT_OBJC_ISA_USAGE = YES_ERROR;
				CLANG_WARN_DOCUMENTATION_COMMENTS = YES;
				CLANG_WARN_EMPTY_BODY = YES;
				CLANG_WARN_ENUM_CONVERSION = YES;
				CLANG_WARN_INFINITE_RECURSION = YES;
				CLANG_WARN_INT_CONVERSION = YES;
				CLANG_WARN_NON_LITERAL_NULL_CONVERSION = YES;
				CLANG_WARN_OBJC_IMPLICIT_RETAIN_SELF = YES;
				CLANG_WARN_OBJC_LITERAL_CONVERSION = YES;
				CLANG_WARN_OBJC_ROOT_CLASS = YES_ERROR;
				CLANG_WARN_QUOTED_INCLUDE_IN_FRAMEWORK_HEADER = YES;
				CLANG_WARN_RANGE_LOOP_ANALYSIS = YES;
				CLANG_WARN_STRICT_PROTOTYPES = YES;
				CLANG_WARN_SUSPICIOUS_MOVE = YES;
				CLANG_WARN_UNGUARDED_AVAILABILITY = YES_AGGRESSIVE;
				CLANG_WARN_UNREACHABLE_CODE = YES;
				CLANG_WARN__DUPLICATE_METHOD_MATCH = YES;
				COPY_PHASE_STRIP = NO;
				DEBUG_INFORMATION_FORMAT = "dwarf-with-dsym";
				ENABLE_NS_ASSERTIONS = NO;
				ENABLE_STRICT_OBJC_MSGSEND = YES;
				GCC_C_LANGUAGE_STANDARD = gnu11;
				GCC_NO_COMMON_BLOCKS = YES;
				GCC_WARN_64_TO_32_BIT_CONVERSION = YES;
				GCC_WARN_ABOUT_RETURN_TYPE = YES_ERROR;
				GCC_WARN_UNDECLARED_SELECTOR = YES;
				GCC_WARN_UNINITIALIZED_AUTOS = YES_AGGRESSIVE;
				GCC_WARN_UNUSED_FUNCTION = YES;
				GCC_WARN_UNUSED_VARIABLE = YES;
				IPHONEOS_DEPLOYMENT_TARGET = 14.5;
				MTL_ENABLE_DEBUG_INFO = NO;
				MTL_FAST_MATH = YES;
				SDKROOT = iphoneos;
				SWIFT_COMPILATION_MODE = wholemodule;
				SWIFT_OPTIMIZATION_LEVEL = "-O";
				VALIDATE_PRODUCT = YES;
			};
			name = Release;
		};
		D3426402267CDBC600D743E7 /* Debug */ = {
			isa = XCBuildConfiguration;
			buildSettings = {
				ASSETCATALOG_COMPILER_APPICON_NAME = AppIcon;
				ASSETCATALOG_COMPILER_GLOBAL_ACCENT_COLOR_NAME = AccentColor;
				CODE_SIGN_ENTITLEMENTS = DubDubGrub/DubDubGrub.entitlements;
				CODE_SIGN_STYLE = Automatic;
				DEVELOPMENT_ASSET_PATHS = "\"DubDubGrub/Preview Content\"";
				DEVELOPMENT_TEAM = FT544A278F;
				ENABLE_PREVIEWS = YES;
				INFOPLIST_FILE = DubDubGrub/Info.plist;
				IPHONEOS_DEPLOYMENT_TARGET = 14.0;
				LD_RUNPATH_SEARCH_PATHS = (
					"$(inherited)",
					"@executable_path/Frameworks",
				);
				PRODUCT_BUNDLE_IDENTIFIER = com.devjm.DubDubGrub;
				PRODUCT_NAME = "$(TARGET_NAME)";
				SWIFT_VERSION = 5.0;
				TARGETED_DEVICE_FAMILY = "1,2";
			};
			name = Debug;
		};
		D3426403267CDBC600D743E7 /* Release */ = {
			isa = XCBuildConfiguration;
			buildSettings = {
				ASSETCATALOG_COMPILER_APPICON_NAME = AppIcon;
				ASSETCATALOG_COMPILER_GLOBAL_ACCENT_COLOR_NAME = AccentColor;
				CODE_SIGN_ENTITLEMENTS = DubDubGrub/DubDubGrub.entitlements;
				CODE_SIGN_STYLE = Automatic;
				DEVELOPMENT_ASSET_PATHS = "\"DubDubGrub/Preview Content\"";
				DEVELOPMENT_TEAM = FT544A278F;
				ENABLE_PREVIEWS = YES;
				INFOPLIST_FILE = DubDubGrub/Info.plist;
				IPHONEOS_DEPLOYMENT_TARGET = 14.0;
				LD_RUNPATH_SEARCH_PATHS = (
					"$(inherited)",
					"@executable_path/Frameworks",
				);
				PRODUCT_BUNDLE_IDENTIFIER = com.devjm.DubDubGrub;
				PRODUCT_NAME = "$(TARGET_NAME)";
				SWIFT_VERSION = 5.0;
				TARGETED_DEVICE_FAMILY = "1,2";
			};
			name = Release;
		};
/* End XCBuildConfiguration section */

/* Begin XCConfigurationList section */
		D34263ED267CDBC500D743E7 /* Build configuration list for PBXProject "DubDubGrub" */ = {
			isa = XCConfigurationList;
			buildConfigurations = (
				D34263FF267CDBC600D743E7 /* Debug */,
				D3426400267CDBC600D743E7 /* Release */,
			);
			defaultConfigurationIsVisible = 0;
			defaultConfigurationName = Release;
		};
		D3426401267CDBC600D743E7 /* Build configuration list for PBXNativeTarget "DubDubGrub" */ = {
			isa = XCConfigurationList;
			buildConfigurations = (
				D3426402267CDBC600D743E7 /* Debug */,
				D3426403267CDBC600D743E7 /* Release */,
			);
			defaultConfigurationIsVisible = 0;
			defaultConfigurationName = Release;
		};
/* End XCConfigurationList section */
	};
	rootObject = D34263EA267CDBC500D743E7 /* Project object */;
}
